
Microsoft Visual Studio Solution File, Format Version 12.00
# Visual Studio Version 17
VisualStudioVersion = 17.5.2.0
MinimumVisualStudioVersion = 10.0.40219.1
Project("{FAE04EC0-301F-11D3-BF4B-00C04F79EFBC}") = "Portfolio.Backend", "Portfolio.Backend.csproj", "{5E7F71F8-2461-91A0-D9F1-264358C52639}"
EndProject
Project("{2150E333-8FDC-42A3-9474-1A3956D46DE8}") = "Tests", "Tests", "{0AB3BF05-4346-4AA6-1389-037BE0695223}"
EndProject
Project("{FAE04EC0-301F-11D3-BF4B-00C04F79EFBC}") = "Portfolio.Backend.Tests", "Tests\Portfolio.Backend.Tests.csproj", "{D5D06A1F-8818-48CB-96D9-8564EF605327}"
EndProject
Global
	GlobalSection(SolutionConfigurationPlatforms) = preSolution
		Debug|Any CPU = Debug|Any CPU
		Debug|x64 = Debug|x64
		Debug|x86 = Debug|x86
		Release|Any CPU = Release|Any CPU
		Release|x64 = Release|x64
		Release|x86 = Release|x86
	EndGlobalSection
	GlobalSection(ProjectConfigurationPlatforms) = postSolution
		{5E7F71F8-2461-91A0-D9F1-264358C52639}.Debug|Any CPU.ActiveCfg = Debug|Any CPU
		{5E7F71F8-2461-91A0-D9F1-264358C52639}.Debug|Any CPU.Build.0 = Debug|Any CPU
		{5E7F71F8-2461-91A0-D9F1-264358C52639}.Debug|x64.ActiveCfg = Debug|Any CPU
		{5E7F71F8-2461-91A0-D9F1-264358C52639}.Debug|x64.Build.0 = Debug|Any CPU
		{5E7F71F8-2461-91A0-D9F1-264358C52639}.Debug|x86.ActiveCfg = Debug|Any CPU
		{5E7F71F8-2461-91A0-D9F1-264358C52639}.Debug|x86.Build.0 = Debug|Any CPU
		{5E7F71F8-2461-91A0-D9F1-264358C52639}.Release|Any CPU.ActiveCfg = Release|Any CPU
		{5E7F71F8-2461-91A0-D9F1-264358C52639}.Release|Any CPU.Build.0 = Release|Any CPU
		{5E7F71F8-2461-91A0-D9F1-264358C52639}.Release|x64.ActiveCfg = Release|Any CPU
		{5E7F71F8-2461-91A0-D9F1-264358C52639}.Release|x64.Build.0 = Release|Any CPU
		{5E7F71F8-2461-91A0-D9F1-264358C52639}.Release|x86.ActiveCfg = Release|Any CPU
		{5E7F71F8-2461-91A0-D9F1-264358C52639}.Release|x86.Build.0 = Release|Any CPU
		{D5D06A1F-8818-48CB-96D9-8564EF605327}.Debug|Any CPU.ActiveCfg = Debug|Any CPU
		{D5D06A1F-8818-48CB-96D9-8564EF605327}.Debug|Any CPU.Build.0 = Debug|Any CPU
		{D5D06A1F-8818-48CB-96D9-8564EF605327}.Debug|x64.ActiveCfg = Debug|Any CPU
		{D5D06A1F-8818-48CB-96D9-8564EF605327}.Debug|x64.Build.0 = Debug|Any CPU
		{D5D06A1F-8818-48CB-96D9-8564EF605327}.Debug|x86.ActiveCfg = Debug|Any CPU
		{D5D06A1F-8818-48CB-96D9-8564EF605327}.Debug|x86.Build.0 = Debug|Any CPU
		{D5D06A1F-8818-48CB-96D9-8564EF605327}.Release|Any CPU.ActiveCfg = Release|Any CPU
		{D5D06A1F-8818-48CB-96D9-8564EF605327}.Release|Any CPU.Build.0 = Release|Any CPU
		{D5D06A1F-8818-48CB-96D9-8564EF605327}.Release|x64.ActiveCfg = Release|Any CPU
		{D5D06A1F-8818-48CB-96D9-8564EF605327}.Release|x64.Build.0 = Release|Any CPU
		{D5D06A1F-8818-48CB-96D9-8564EF605327}.Release|x86.ActiveCfg = Release|Any CPU
		{D5D06A1F-8818-48CB-96D9-8564EF605327}.Release|x86.Build.0 = Release|Any CPU
	EndGlobalSection
	GlobalSection(SolutionProperties) = preSolution
		HideSolutionNode = FALSE
	EndGlobalSection
	GlobalSection(NestedProjects) = preSolution
		{D5D06A1F-8818-48CB-96D9-8564EF605327} = {0AB3BF05-4346-4AA6-1389-037BE0695223}
	EndGlobalSection
	GlobalSection(ExtensibilityGlobals) = postSolution
		SolutionGuid = {9758C538-6DAA-4A27-8F0F-C52BCBF904E2}
	EndGlobalSection
EndGlobal
